
Microsoft Visual Studio Solution File, Format Version 12.00
# Visual Studio Version 16
VisualStudioVersion = 16.0.28803.352
MinimumVisualStudioVersion = 10.0.40219.1
Project("{FAE04EC0-301F-11D3-BF4B-00C04F79EFBC}") = "EventDemo", "EventDemo\EventDemo.csproj", "{D226644F-4B66-477B-A27F-DDFF0FF63E1D}"
EndProject
Project("{FAE04EC0-301F-11D3-BF4B-00C04F79EFBC}") = "SortLibrary", "SortLibrary\SortLibrary.csproj", "{87963DE3-1AC0-4825-9281-727EF43641C5}"
EndProject
Global
	GlobalSection(SolutionConfigurationPlatforms) = preSolution
		Debug|Any CPU = Debug|Any CPU
		Release|Any CPU = Release|Any CPU
	EndGlobalSection
	GlobalSection(ProjectConfigurationPlatforms) = postSolution
		{D226644F-4B66-477B-A27F-DDFF0FF63E1D}.Debug|Any CPU.ActiveCfg = Debug|Any CPU
		{D226644F-4B66-477B-A27F-DDFF0FF63E1D}.Debug|Any CPU.Build.0 = Debug|Any CPU
		{D226644F-4B66-477B-A27F-DDFF0FF63E1D}.Release|Any CPU.ActiveCfg = Release|Any CPU
		{D226644F-4B66-477B-A27F-DDFF0FF63E1D}.Release|Any CPU.Build.0 = Release|Any CPU
		{87963DE3-1AC0-4825-9281-727EF43641C5}.Debug|Any CPU.ActiveCfg = Debug|Any CPU
		{87963DE3-1AC0-4825-9281-727EF43641C5}.Debug|Any CPU.Build.0 = Debug|Any CPU
		{87963DE3-1AC0-4825-9281-727EF43641C5}.Release|Any CPU.ActiveCfg = Release|Any CPU
		{87963DE3-1AC0-4825-9281-727EF43641C5}.Release|Any CPU.Build.0 = Release|Any CPU
	EndGlobalSection
	GlobalSection(SolutionProperties) = preSolution
		HideSolutionNode = FALSE
	EndGlobalSection
	GlobalSection(ExtensibilityGlobals) = postSolution
		SolutionGuid = {99AB2F70-525C-4337-B52C-7BDD56F645ED}
	EndGlobalSection
EndGlobal
